// !$*UTF8*$!
{
	archiveVersion = 1;
	classes = {
	};
	objectVersion = 46;
	objects = {

/* Begin PBXBuildFile section */
		019B9D481E52BC7F0071AFE5 /* AppDelegate.swift in Sources */ = {isa = PBXBuildFile; fileRef = 019B9D471E52BC7F0071AFE5 /* AppDelegate.swift */; };
		019B9D4A1E52BC7F0071AFE5 /* ViewController.swift in Sources */ = {isa = PBXBuildFile; fileRef = 019B9D491E52BC7F0071AFE5 /* ViewController.swift */; };
		019B9D4D1E52BC7F0071AFE5 /* Main.storyboard in Resources */ = {isa = PBXBuildFile; fileRef = 019B9D4B1E52BC7F0071AFE5 /* Main.storyboard */; };
		019B9D4F1E52BC7F0071AFE5 /* Assets.xcassets in Resources */ = {isa = PBXBuildFile; fileRef = 019B9D4E1E52BC7F0071AFE5 /* Assets.xcassets */; };
		019B9D521E52BC7F0071AFE5 /* LaunchScreen.storyboard in Resources */ = {isa = PBXBuildFile; fileRef = 019B9D501E52BC7F0071AFE5 /* LaunchScreen.storyboard */; };
		019B9D5A1E52C8180071AFE5 /* DefinitionViewController.swift in Sources */ = {isa = PBXBuildFile; fileRef = 019B9D591E52C8180071AFE5 /* DefinitionViewController.swift */; };
/* End PBXBuildFile section */

/* Begin PBXFileReference section */
		019B9D441E52BC7F0071AFE5 /* emojiDictionary.app */ = {isa = PBXFileReference; explicitFileType = wrapper.application; includeInIndex = 0; path = emojiDictionary.app; sourceTree = BUILT_PRODUCTS_DIR; };
		019B9D471E52BC7F0071AFE5 /* AppDelegate.swift */ = {isa = PBXFileReference; lastKnownFileType = sourcecode.swift; path = AppDelegate.swift; sourceTree = "<group>"; };
		019B9D491E52BC7F0071AFE5 /* ViewController.swift */ = {isa = PBXFileReference; lastKnownFileType = sourcecode.swift; path = ViewController.swift; sourceTree = "<group>"; };
		019B9D4C1E52BC7F0071AFE5 /* Base */ = {isa = PBXFileReference; lastKnownFileType = file.storyboard; name = Base; path = Base.lproj/Main.storyboard; sourceTree = "<group>"; };
		019B9D4E1E52BC7F0071AFE5 /* Assets.xcassets */ = {isa = PBXFileReference; lastKnownFileType = folder.assetcatalog; path = Assets.xcassets; sourceTree = "<group>"; };
		019B9D511E52BC7F0071AFE5 /* Base */ = {isa = PBXFileReference; lastKnownFileType = file.storyboard; name = Base; path = Base.lproj/LaunchScreen.storyboard; sourceTree = "<group>"; };
		019B9D531E52BC7F0071AFE5 /* Info.plist */ = {isa = PBXFileReference; lastKnownFileType = text.plist.xml; path = Info.plist; sourceTree = "<group>"; };
		019B9D591E52C8180071AFE5 /* DefinitionViewController.swift */ = {isa = PBXFileReference; fileEncoding = 4; lastKnownFileType = sourcecode.swift; path = DefinitionViewController.swift; sourceTree = "<group>"; };
/* End PBXFileReference section */

/* Begin PBXFrameworksBuildPhase section */
		019B9D411E52BC7F0071AFE5 /* Frameworks */ = {
			isa = PBXFrameworksBuildPhase;
			buildActionMask = 2147483647;
			files = (
			);
			runOnlyForDeploymentPostprocessing = 0;
		};
/* End PBXFrameworksBuildPhase section */

/* Begin PBXGroup section */
		019B9D3B1E52BC7E0071AFE5 = {
			isa = PBXGroup;
			children = (
				019B9D461E52BC7F0071AFE5 /* emojiDictionary */,
				019B9D451E52BC7F0071AFE5 /* Products */,
			);
			sourceTree = "<group>";
		};
		019B9D451E52BC7F0071AFE5 /* Products */ = {
			isa = PBXGroup;
			children = (
				019B9D441E52BC7F0071AFE5 /* emojiDictionary.app */,
			);
			name = Products;
			sourceTree = "<group>";
		};
		019B9D461E52BC7F0071AFE5 /* emojiDictionary */ = {
			isa = PBXGroup;
			children = (
				019B9D471E52BC7F0071AFE5 /* AppDelegate.swift */,
				019B9D491E52BC7F0071AFE5 /* ViewController.swift */,
				019B9D591E52C8180071AFE5 /* DefinitionViewController.swift */,
				019B9D4B1E52BC7F0071AFE5 /* Main.storyboard */,
				019B9D4E1E52BC7F0071AFE5 /* Assets.xcassets */,
				019B9D501E52BC7F0071AFE5 /* LaunchScreen.storyboard */,
				019B9D531E52BC7F0071AFE5 /* Info.plist */,
			);
			path = emojiDictionary;
			sourceTree = "<group>";
		};
/* End PBXGroup section */

/* Begin PBXNativeTarget section */
		019B9D431E52BC7F0071AFE5 /* emojiDictionary */ = {
			isa = PBXNativeTarget;
			buildConfigurationList = 019B9D561E52BC7F0071AFE5 /* Build configuration list for PBXNativeTarget "emojiDictionary" */;
			buildPhases = (
				019B9D401E52BC7F0071AFE5 /* Sources */,
				019B9D411E52BC7F0071AFE5 /* Frameworks */,
				019B9D421E52BC7F0071AFE5 /* Resources */,
			);
			buildRules = (
			);
			dependencies = (
			);
			name = emojiDictionary;
			productName = emojiDictionary;
			productReference = 019B9D441E52BC7F0071AFE5 /* emojiDictionary.app */;
			productType = "com.apple.product-type.application";
		};
/* End PBXNativeTarget section */

/* Begin PBXProject section */
		019B9D3C1E52BC7E0071AFE5 /* Project object */ = {
			isa = PBXProject;
			attributes = {
				LastSwiftUpdateCheck = 0820;
				LastUpgradeCheck = 0820;
				ORGANIZATIONNAME = soroshahmadi;
				TargetAttributes = {
					019B9D431E52BC7F0071AFE5 = {
						CreatedOnToolsVersion = 8.2.1;
						ProvisioningStyle = Automatic;
					};
				};
			};
			buildConfigurationList = 019B9D3F1E52BC7E0071AFE5 /* Build configuration list for PBXProject "emojiDictionary" */;
			compatibilityVersion = "Xcode 3.2";
			developmentRegion = English;
			hasScannedForEncodings = 0;
			knownRegions = (
				en,
				Base,
			);
			mainGroup = 019B9D3B1E52BC7E0071AFE5;
			productRefGroup = 019B9D451E52BC7F0071AFE5 /* Products */;
			projectDirPath = "";
			projectRoot = "";
			targets = (
				019B9D431E52BC7F0071AFE5 /* emojiDictionary */,
			);
		};
/* End PBXProject section */

/* Begin PBXResourcesBuildPhase section */
		019B9D421E52BC7F0071AFE5 /* Resources */ = {
			isa = PBXResourcesBuildPhase;
			buildActionMask = 2147483647;
			files = (
				019B9D521E52BC7F0071AFE5 /* LaunchScreen.storyboard in Resources */,
				019B9D4F1E52BC7F0071AFE5 /* Assets.xcassets in Resources */,
				019B9D4D1E52BC7F0071AFE5 /* Main.storyboard in Resources */,
			);
			runOnlyForDeploymentPostprocessing = 0;
		};
/* End PBXResourcesBuildPhase section */

/* Begin PBXSourcesBuildPhase section */
		019B9D401E52BC7F0071AFE5 /* Sources */ = {
			isa = PBXSourcesBuildPhase;
			buildActionMask = 2147483647;
			files = (
				019B9D4A1E52BC7F0071AFE5 /* ViewController.swift in Sources */,
				019B9D5A1E52C8180071AFE5 /* DefinitionViewController.swift in Sources */,
				019B9D481E52BC7F0071AFE5 /* AppDelegate.swift in Sources */,
			);
			runOnlyForDeploymentPostprocessing = 0;
		};
/* End PBXSourcesBuildPhase section */

/* Begin PBXVariantGroup section */
		019B9D4B1E52BC7F0071AFE5 /* Main.storyboard */ = {
			isa = PBXVariantGroup;
			children = (
				019B9D4C1E52BC7F0071AFE5 /* Base */,
			);
			name = Main.storyboard;
			sourceTree = "<group>";
		};
		019B9D501E52BC7F0071AFE5 /* LaunchScreen.storyboard */ = {
			isa = PBXVariantGroup;
			children = (
				019B9D511E52BC7F0071AFE5 /* Base */,
			);
			name = LaunchScreen.storyboard;
			sourceTree = "<group>";
		};
/* End PBXVariantGroup section */

/* Begin XCBuildConfiguration section */
		019B9D541E52BC7F0071AFE5 /* Debug */ = {
			isa = XCBuildConfiguration;
			buildSettings = {
				ALWAYS_SEARCH_USER_PATHS = NO;
				CLANG_ANALYZER_NONNULL = YES;
				CLANG_CXX_LANGUAGE_STANDARD = "gnu++0x";
				CLANG_CXX_LIBRARY = "libc++";
				CLANG_ENABLE_MODULES = YES;
				CLANG_ENABLE_OBJC_ARC = YES;
				CLANG_WARN_BOOL_CONVERSION = YES;
				CLANG_WARN_CONSTANT_CONVERSION = YES;
				CLANG_WARN_DIRECT_OBJC_ISA_USAGE = YES_ERROR;
				CLANG_WARN_DOCUMENTATION_COMMENTS = YES;
				CLANG_WARN_EMPTY_BODY = YES;
				CLANG_WARN_ENUM_CONVERSION = YES;
				CLANG_WARN_INFINITE_RECURSION = YES;
				CLANG_WARN_INT_CONVERSION = YES;
				CLANG_WARN_OBJC_ROOT_CLASS = YES_ERROR;
				CLANG_WARN_SUSPICIOUS_MOVE = YES;
				CLANG_WARN_UNREACHABLE_CODE = YES;
				CLANG_WARN__DUPLICATE_METHOD_MATCH = YES;
				"CODE_SIGN_IDENTITY[sdk=iphoneos*]" = "iPhone Developer";
				COPY_PHASE_STRIP = NO;
				DEBUG_INFORMATION_FORMAT = dwarf;
				ENABLE_STRICT_OBJC_MSGSEND = YES;
				ENABLE_TESTABILITY = YES;
				GCC_C_LANGUAGE_STANDARD = gnu99;
				GCC_DYNAMIC_NO_PIC = NO;
				GCC_NO_COMMON_BLOCKS = YES;
				GCC_OPTIMIZATION_LEVEL = 0;
				GCC_PREPROCESSOR_DEFINITIONS = (
					"DEBUG=1",
					"$(inherited)",
				);
				GCC_WARN_64_TO_32_BIT_CONVERSION = YES;
				GCC_WARN_ABOUT_RETURN_TYPE = YES_ERROR;
				GCC_WARN_UNDECLARED_SELECTOR = YES;
				GCC_WARN_UNINITIALIZED_AUTOS = YES_AGGRESSIVE;
				GCC_WARN_UNUSED_FUNCTION = YES;
				GCC_WARN_UNUSED_VARIABLE = YES;
				IPHONEOS_DEPLOYMENT_TARGET = 10.2;
				MTL_ENABLE_DEBUG_INFO = YES;
				ONLY_ACTIVE_ARCH = YES;
				SDKROOT = iphoneos;
				SWIFT_ACTIVE_COMPILATION_CONDITIONS = DEBUG;
				SWIFT_OPTIMIZATION_LEVEL = "-Onone";
				TARGETED_DEVICE_FAMILY = "1,2";
			};
			name = Debug;
		};
		019B9D551E52BC7F0071AFE5 /* Release */ = {
			isa = XCBuildConfiguration;
			buildSettings = {
				ALWAYS_SEARCH_USER_PATHS = NO;
				CLANG_ANALYZER_NONNULL = YES;
				CLANG_CXX_LANGUAGE_STANDARD = "gnu++0x";
				CLANG_CXX_LIBRARY = "libc++";
				CLANG_ENABLE_MODULES = YES;
				CLANG_ENABLE_OBJC_ARC = YES;
				CLANG_WARN_BOOL_CONVERSION = YES;
				CLANG_WARN_CONSTANT_CONVERSION = YES;
				CLANG_WARN_DIRECT_OBJC_ISA_USAGE = YES_ERROR;
				CLANG_WARN_DOCUMENTATION_COMMENTS = YES;
				CLANG_WARN_EMPTY_BODY = YES;
				CLANG_WARN_ENUM_CONVERSION = YES;
				CLANG_WARN_INFINITE_RECURSION = YES;
				CLANG_WARN_INT_CONVERSION = YES;
				CLANG_WARN_OBJC_ROOT_CLASS = YES_ERROR;
				CLANG_WARN_SUSPICIOUS_MOVE = YES;
				CLANG_WARN_UNREACHABLE_CODE = YES;
				CLANG_WARN__DUPLICATE_METHOD_MATCH = YES;
				"CODE_SIGN_IDENTITY[sdk=iphoneos*]" = "iPhone Developer";
				COPY_PHASE_STRIP = NO;
				DEBUG_INFORMATION_FORMAT = "dwarf-with-dsym";
				ENABLE_NS_ASSERTIONS = NO;
				ENABLE_STRICT_OBJC_MSGSEND = YES;
				GCC_C_LANGUAGE_STANDARD = gnu99;
				GCC_NO_COMMON_BLOCKS = YES;
				GCC_WARN_64_TO_32_BIT_CONVERSION = YES;
				GCC_WARN_ABOUT_RETURN_TYPE = YES_ERROR;
				GCC_WARN_UNDECLARED_SELECTOR = YES;
				GCC_WARN_UNINITIALIZED_AUTOS = YES_AGGRESSIVE;
				GCC_WARN_UNUSED_FUNCTION = YES;
				GCC_WARN_UNUSED_VARIABLE = YES;
				IPHONEOS_DEPLOYMENT_TARGET = 10.2;
				MTL_ENABLE_DEBUG_INFO = NO;
				SDKROOT = iphoneos;
				SWIFT_OPTIMIZATION_LEVEL = "-Owholemodule";
				TARGETED_DEVICE_FAMILY = "1,2";
				VALIDATE_PRODUCT = YES;
			};
			name = Release;
		};
		019B9D571E52BC7F0071AFE5 /* Debug */ = {
			isa = XCBuildConfiguration;
			buildSettings = {
				ASSETCATALOG_COMPILER_APPICON_NAME = AppIcon;
				INFOPLIST_FILE = emojiDictionary/Info.plist;
				LD_RUNPATH_SEARCH_PATHS = "$(inherited) @executable_path/Frameworks";
				PRODUCT_BUNDLE_IDENTIFIER = com.soroshahmadi.emojiDictionary;
				PRODUCT_NAME = "$(TARGET_NAME)";
				SWIFT_VERSION = 3.0;
			};
			name = Debug;
		};
		019B9D581E52BC7F0071AFE5 /* Release */ = {
			isa = XCBuildConfiguration;
			buildSettings = {
				ASSETCATALOG_COMPILER_APPICON_NAME = AppIcon;
				INFOPLIST_FILE = emojiDictionary/Info.plist;
				LD_RUNPATH_SEARCH_PATHS = "$(inherited) @executable_path/Frameworks";
				PRODUCT_BUNDLE_IDENTIFIER = com.soroshahmadi.emojiDictionary;
				PRODUCT_NAME = "$(TARGET_NAME)";
				SWIFT_VERSION = 3.0;
			};
			name = Release;
		};
/* End XCBuildConfiguration section */

/* Begin XCConfigurationList section */
		019B9D3F1E52BC7E0071AFE5 /* Build configuration list for PBXProject "emojiDictionary" */ = {
			isa = XCConfigurationList;
			buildConfigurations = (
				019B9D541E52BC7F0071AFE5 /* Debug */,
				019B9D551E52BC7F0071AFE5 /* Release */,
			);
			defaultConfigurationIsVisible = 0;
			defaultConfigurationName = Release;
		};
		019B9D561E52BC7F0071AFE5 /* Build configuration list for PBXNativeTarget "emojiDictionary" */ = {
			isa = XCConfigurationList;
			buildConfigurations = (
				019B9D571E52BC7F0071AFE5 /* Debug */,
				019B9D581E52BC7F0071AFE5 /* Release */,
			);
			defaultConfigurationIsVisible = 0;
		};
/* End XCConfigurationList section */
	};
	rootObject = 019B9D3C1E52BC7E0071AFE5 /* Project object */;
}
